
Microsoft Visual Studio Solution File, Format Version 12.00
# Visual Studio Version 17
VisualStudioVersion = 17.0.31903.59
MinimumVisualStudioVersion = 10.0.40219.1
Project("{FAE04EC0-301F-11D3-BF4B-00C04F79EFBC}") = "UniShare.API", "UniShare.API\UniShare.API.csproj", "{9356A444-7214-40F5-97B3-C039B214B32F}"
EndProject
Project("{2150E333-8FDC-42A3-9474-1A3956D46DE8}") = "tests", "tests", "{94D07F25-BDDD-483F-95F4-1B82F60B4CF5}"
EndProject
Project("{FAE04EC0-301F-11D3-BF4B-00C04F79EFBC}") = "UniShare.API.Tests", "tests\UniShare.API.Tests\UniShare.API.Tests.csproj", "{6B4B8C36-338C-4330-822A-82A895F0F7DF}"
EndProject
Global
	GlobalSection(SolutionConfigurationPlatforms) = preSolution
		Debug|Any CPU = Debug|Any CPU
		Release|Any CPU = Release|Any CPU
	EndGlobalSection
	GlobalSection(SolutionProperties) = preSolution
		HideSolutionNode = FALSE
	EndGlobalSection
	GlobalSection(ProjectConfigurationPlatforms) = postSolution
		{9356A444-7214-40F5-97B3-C039B214B32F}.Debug|Any CPU.ActiveCfg = Debug|Any CPU
		{9356A444-7214-40F5-97B3-C039B214B32F}.Debug|Any CPU.Build.0 = Debug|Any CPU
		{9356A444-7214-40F5-97B3-C039B214B32F}.Release|Any CPU.ActiveCfg = Release|Any CPU
		{9356A444-7214-40F5-97B3-C039B214B32F}.Release|Any CPU.Build.0 = Release|Any CPU
		{6B4B8C36-338C-4330-822A-82A895F0F7DF}.Debug|Any CPU.ActiveCfg = Debug|Any CPU
		{6B4B8C36-338C-4330-822A-82A895F0F7DF}.Debug|Any CPU.Build.0 = Debug|Any CPU
		{6B4B8C36-338C-4330-822A-82A895F0F7DF}.Release|Any CPU.ActiveCfg = Release|Any CPU
		{6B4B8C36-338C-4330-822A-82A895F0F7DF}.Release|Any CPU.Build.0 = Release|Any CPU
	EndGlobalSection
	GlobalSection(NestedProjects) = preSolution
		{6B4B8C36-338C-4330-822A-82A895F0F7DF} = {94D07F25-BDDD-483F-95F4-1B82F60B4CF5}
	EndGlobalSection
EndGlobal
